
Microsoft Visual Studio Solution File, Format Version 12.00
# Visual Studio Version 16
VisualStudioVersion = 16.0.810.0
MinimumVisualStudioVersion = 10.0.40219.1
Project("{FAE04EC0-301F-11D3-BF4B-00C04F79EFBC}") = "AltNetworkUtility", "AltNetworkUtility\AltNetworkUtility.csproj", "{F438D518-D0E2-45CB-B1F0-6A19E80017B7}"
EndProject
Project("{2150E333-8FDC-42A3-9474-1A3956D46DE8}") = "Solution Items", "Solution Items", "{8DF7DD45-4E56-4054-BBF2-9B2928D93309}"
	ProjectSection(SolutionItems) = preProject
		.editorconfig = .editorconfig
	EndProjectSection
EndProject
Project("{FAE04EC0-301F-11D3-BF4B-00C04F79EFBC}") = "AltNetworkUtility.macOS", "AltNetworkUtility.macOS\AltNetworkUtility.macOS.csproj", "{14C5B6AF-6EAA-44AD-BCD5-1CE02385EEB7}"
EndProject
Project("{FAE04EC0-301F-11D3-BF4B-00C04F79EFBC}") = "AltNetworkUtility.macOS.PrivilegedHelper", "AltNetworkUtility.macOS.PrivilegedHelper\AltNetworkUtility.macOS.PrivilegedHelper.csproj", "{D195E18A-E04D-4E32-9688-C203BE7CA600}"
EndProject
Project("{FAE04EC0-301F-11D3-BF4B-00C04F79EFBC}") = "AltNetworkUtility.macOS.Net6PrivilegedHelper", "AltNetworkUtility.macOS.Net6PrivilegedHelper\AltNetworkUtility.macOS.Net6PrivilegedHelper.csproj", "{3F5C820A-C124-4FF5-9AB0-B82CE7ACD901}"
EndProject
Project("{FAE04EC0-301F-11D3-BF4B-00C04F79EFBC}") = "AltNetworkUtility.macOS.PrivilegedHelper.XpcProtocol", "AltNetworkUtility.macOS.PrivilegedHelper.Shared\AltNetworkUtility.macOS.PrivilegedHelper.XpcProtocol.csproj", "{22781A1F-9117-42C3-8657-534B6780F040}"
EndProject
Global
	GlobalSection(SolutionConfigurationPlatforms) = preSolution
		Debug|iPhoneSimulator = Debug|iPhoneSimulator
		Release|iPhoneSimulator = Release|iPhoneSimulator
		Debug|iPhone = Debug|iPhone
		Release|iPhone = Release|iPhone
		Debug|Any CPU = Debug|Any CPU
		Release|Any CPU = Release|Any CPU
	EndGlobalSection
	GlobalSection(ProjectConfigurationPlatforms) = postSolution
		{F438D518-D0E2-45CB-B1F0-6A19E80017B7}.Debug|iPhoneSimulator.ActiveCfg = Debug|Any CPU
		{F438D518-D0E2-45CB-B1F0-6A19E80017B7}.Debug|iPhoneSimulator.Build.0 = Debug|Any CPU
		{F438D518-D0E2-45CB-B1F0-6A19E80017B7}.Release|iPhoneSimulator.ActiveCfg = Release|Any CPU
		{F438D518-D0E2-45CB-B1F0-6A19E80017B7}.Release|iPhoneSimulator.Build.0 = Release|Any CPU
		{F438D518-D0E2-45CB-B1F0-6A19E80017B7}.Debug|iPhone.ActiveCfg = Debug|Any CPU
		{F438D518-D0E2-45CB-B1F0-6A19E80017B7}.Debug|iPhone.Build.0 = Debug|Any CPU
		{F438D518-D0E2-45CB-B1F0-6A19E80017B7}.Release|iPhone.ActiveCfg = Release|Any CPU
		{F438D518-D0E2-45CB-B1F0-6A19E80017B7}.Release|iPhone.Build.0 = Release|Any CPU
		{F438D518-D0E2-45CB-B1F0-6A19E80017B7}.Debug|Any CPU.ActiveCfg = Debug|Any CPU
		{F438D518-D0E2-45CB-B1F0-6A19E80017B7}.Debug|Any CPU.Build.0 = Debug|Any CPU
		{F438D518-D0E2-45CB-B1F0-6A19E80017B7}.Release|Any CPU.ActiveCfg = Release|Any CPU
		{F438D518-D0E2-45CB-B1F0-6A19E80017B7}.Release|Any CPU.Build.0 = Release|Any CPU
		{14C5B6AF-6EAA-44AD-BCD5-1CE02385EEB7}.Debug|iPhoneSimulator.ActiveCfg = Debug|Any CPU
		{14C5B6AF-6EAA-44AD-BCD5-1CE02385EEB7}.Debug|iPhoneSimulator.Build.0 = Debug|Any CPU
		{14C5B6AF-6EAA-44AD-BCD5-1CE02385EEB7}.Release|iPhoneSimulator.ActiveCfg = Release|Any CPU
		{14C5B6AF-6EAA-44AD-BCD5-1CE02385EEB7}.Release|iPhoneSimulator.Build.0 = Release|Any CPU
		{14C5B6AF-6EAA-44AD-BCD5-1CE02385EEB7}.Debug|iPhone.ActiveCfg = Debug|Any CPU
		{14C5B6AF-6EAA-44AD-BCD5-1CE02385EEB7}.Debug|iPhone.Build.0 = Debug|Any CPU
		{14C5B6AF-6EAA-44AD-BCD5-1CE02385EEB7}.Release|iPhone.ActiveCfg = Release|Any CPU
		{14C5B6AF-6EAA-44AD-BCD5-1CE02385EEB7}.Release|iPhone.Build.0 = Release|Any CPU
		{14C5B6AF-6EAA-44AD-BCD5-1CE02385EEB7}.Debug|Any CPU.ActiveCfg = Debug|Any CPU
		{14C5B6AF-6EAA-44AD-BCD5-1CE02385EEB7}.Debug|Any CPU.Build.0 = Debug|Any CPU
		{14C5B6AF-6EAA-44AD-BCD5-1CE02385EEB7}.Release|Any CPU.ActiveCfg = Release|Any CPU
		{14C5B6AF-6EAA-44AD-BCD5-1CE02385EEB7}.Release|Any CPU.Build.0 = Release|Any CPU
		{D195E18A-E04D-4E32-9688-C203BE7CA600}.Debug|iPhoneSimulator.ActiveCfg = Debug|Any CPU
		{D195E18A-E04D-4E32-9688-C203BE7CA600}.Debug|iPhoneSimulator.Build.0 = Debug|Any CPU
		{D195E18A-E04D-4E32-9688-C203BE7CA600}.Release|iPhoneSimulator.ActiveCfg = Release|Any CPU
		{D195E18A-E04D-4E32-9688-C203BE7CA600}.Release|iPhoneSimulator.Build.0 = Release|Any CPU
		{D195E18A-E04D-4E32-9688-C203BE7CA600}.Debug|iPhone.ActiveCfg = Debug|Any CPU
		{D195E18A-E04D-4E32-9688-C203BE7CA600}.Debug|iPhone.Build.0 = Debug|Any CPU
		{D195E18A-E04D-4E32-9688-C203BE7CA600}.Release|iPhone.ActiveCfg = Release|Any CPU
		{D195E18A-E04D-4E32-9688-C203BE7CA600}.Release|iPhone.Build.0 = Release|Any CPU
		{D195E18A-E04D-4E32-9688-C203BE7CA600}.Debug|Any CPU.ActiveCfg = Debug|Any CPU
		{D195E18A-E04D-4E32-9688-C203BE7CA600}.Debug|Any CPU.Build.0 = Debug|Any CPU
		{D195E18A-E04D-4E32-9688-C203BE7CA600}.Release|Any CPU.ActiveCfg = Release|Any CPU
		{D195E18A-E04D-4E32-9688-C203BE7CA600}.Release|Any CPU.Build.0 = Release|Any CPU
		{3F5C820A-C124-4FF5-9AB0-B82CE7ACD901}.Debug|iPhoneSimulator.ActiveCfg = Debug|Any CPU
		{3F5C820A-C124-4FF5-9AB0-B82CE7ACD901}.Debug|iPhoneSimulator.Build.0 = Debug|Any CPU
		{3F5C820A-C124-4FF5-9AB0-B82CE7ACD901}.Release|iPhoneSimulator.ActiveCfg = Release|Any CPU
		{3F5C820A-C124-4FF5-9AB0-B82CE7ACD901}.Release|iPhoneSimulator.Build.0 = Release|Any CPU
		{3F5C820A-C124-4FF5-9AB0-B82CE7ACD901}.Debug|iPhone.ActiveCfg = Debug|Any CPU
		{3F5C820A-C124-4FF5-9AB0-B82CE7ACD901}.Debug|iPhone.Build.0 = Debug|Any CPU
		{3F5C820A-C124-4FF5-9AB0-B82CE7ACD901}.Release|iPhone.ActiveCfg = Release|Any CPU
		{3F5C820A-C124-4FF5-9AB0-B82CE7ACD901}.Release|iPhone.Build.0 = Release|Any CPU
		{3F5C820A-C124-4FF5-9AB0-B82CE7ACD901}.Debug|Any CPU.ActiveCfg = Debug|Any CPU
		{3F5C820A-C124-4FF5-9AB0-B82CE7ACD901}.Debug|Any CPU.Build.0 = Debug|Any CPU
		{3F5C820A-C124-4FF5-9AB0-B82CE7ACD901}.Release|Any CPU.ActiveCfg = Release|Any CPU
		{3F5C820A-C124-4FF5-9AB0-B82CE7ACD901}.Release|Any CPU.Build.0 = Release|Any CPU
		{22781A1F-9117-42C3-8657-534B6780F040}.Debug|iPhoneSimulator.ActiveCfg = Debug|Any CPU
		{22781A1F-9117-42C3-8657-534B6780F040}.Debug|iPhoneSimulator.Build.0 = Debug|Any CPU
		{22781A1F-9117-42C3-8657-534B6780F040}.Release|iPhoneSimulator.ActiveCfg = Release|Any CPU
		{22781A1F-9117-42C3-8657-534B6780F040}.Release|iPhoneSimulator.Build.0 = Release|Any CPU
		{22781A1F-9117-42C3-8657-534B6780F040}.Debug|iPhone.ActiveCfg = Debug|Any CPU
		{22781A1F-9117-42C3-8657-534B6780F040}.Debug|iPhone.Build.0 = Debug|Any CPU
		{22781A1F-9117-42C3-8657-534B6780F040}.Release|iPhone.ActiveCfg = Release|Any CPU
		{22781A1F-9117-42C3-8657-534B6780F040}.Release|iPhone.Build.0 = Release|Any CPU
		{22781A1F-9117-42C3-8657-534B6780F040}.Debug|Any CPU.ActiveCfg = Debug|Any CPU
		{22781A1F-9117-42C3-8657-534B6780F040}.Debug|Any CPU.Build.0 = Debug|Any CPU
		{22781A1F-9117-42C3-8657-534B6780F040}.Release|Any CPU.ActiveCfg = Release|Any CPU
		{22781A1F-9117-42C3-8657-534B6780F040}.Release|Any CPU.Build.0 = Release|Any CPU
	EndGlobalSection
	GlobalSection(SolutionProperties) = preSolution
		HideSolutionNode = FALSE
	EndGlobalSection
	GlobalSection(ExtensibilityGlobals) = postSolution
		SolutionGuid = {18DAFD0E-7AF9-4DEB-AC84-8E3D5AE60C23}
	EndGlobalSection
EndGlobal
